# This file is automatically @generated by Cargo.
# It is not intended for manual editing.
version = 4

[[package]]
name = "binary-vec-io-0109"
version = "0.0.0"
dependencies = [
 "binary_vec_io",
 "cementite",
]

[[package]]
name = "binary_vec_io"
version = "0.1.12"
source = "registry+https://github.com/rust-lang/crates.io-index"
checksum = "e8b26a64da90d37568da288a76425c5efd45278a92e71ca544f6d366048bd03a"
dependencies = [
 "itertools",
]

[[package]]
name = "cementite"
version = "0.1.0"

[[package]]
name = "either"
version = "1.16.0"
source = "registry+https://github.com/rust-lang/crates.io-index"
checksum = "91622ff5e7162018101f2fea40d6ebf4a78bbe5a49736a2020649edf9693679e"

[[package]]
name = "itertools"
version = "0.11.0"
source = "registry+https://github.com/rust-lang/crates.io-index"
checksum = "b1c173a5686ce8bfa551b3563d0c2170bf24ca44da99c7ca4bfdab5418c3fe57"
dependencies = [
 "either",
]
