{
  "nodes": {
    "disko": {
      "inputs": {
        "nixpkgs": [
          "nixpkgs"
        ]
      },
      "locked": {
        "lastModified": 1781152676,
        "narHash": "sha256-RxWs5ND31KzTG7wvMM+PMfUjyNpmIEr999lqNARaM5o=",
        "owner": "nix-community",
        "repo": "disko",
        "rev": "ff8702b4de27f72b4c78573dfb89ec74e36abdf1",
        "type": "github"
      },
      "original": {
        "owner": "nix-community",
        "repo": "disko",
        "type": "github"
      }
    },
    "disko_2": {
      "inputs": {
        "nixpkgs": [
          "nix-config",
          "workspace",
          "nixpkgs"
        ]
      },
      "locked": {
        "lastModified": 1781152676,
        "narHash": "sha256-RxWs5ND31KzTG7wvMM+PMfUjyNpmIEr999lqNARaM5o=",
        "owner": "nix-community",
        "repo": "disko",
        "rev": "ff8702b4de27f72b4c78573dfb89ec74e36abdf1",
        "type": "github"
      },
      "original": {
        "owner": "nix-community",
        "repo": "disko",
        "type": "github"
      }
    },
    "flake-compat": {
      "flake": false,
      "locked": {
        "lastModified": 1767039857,
        "narHash": "sha256-vNpUSpF5Nuw8xvDLj2KCwwksIbjua2LZCqhV1LNRDns=",
        "owner": "NixOS",
        "repo": "flake-compat",
        "rev": "5edf11c44bc78a0d334f6334cdaf7d60d732daab",
        "type": "github"
      },
      "original": {
        "owner": "NixOS",
        "repo": "flake-compat",
        "type": "github"
      }
    },
    "flake-compat_2": {
      "flake": false,
      "locked": {
        "lastModified": 1767039857,
        "narHash": "sha256-vNpUSpF5Nuw8xvDLj2KCwwksIbjua2LZCqhV1LNRDns=",
        "owner": "edolstra",
        "repo": "flake-compat",
        "rev": "5edf11c44bc78a0d334f6334cdaf7d60d732daab",
        "type": "github"
      },
      "original": {
        "owner": "edolstra",
        "repo": "flake-compat",
        "type": "github"
      }
    },
    "flake-parts": {
      "inputs": {
        "nixpkgs-lib": [
          "workspace",
          "system-manager",
          "userborn",
          "nixpkgs"
        ]
      },
      "locked": {
        "lastModified": 1768135262,
        "narHash": "sha256-PVvu7OqHBGWN16zSi6tEmPwwHQ4rLPU9Plvs8/1TUBY=",
        "owner": "hercules-ci",
        "repo": "flake-parts",
        "rev": "80daad04eddbbf5a4d883996a73f3f542fa437ac",
        "type": "github"
      },
      "original": {
        "owner": "hercules-ci",
        "repo": "flake-parts",
        "type": "github"
      }
    },
    "flake-utils": {
      "inputs": {
        "systems": "systems"
      },
      "locked": {
        "lastModified": 1731533236,
        "narHash": "sha256-l0KFg5HjrsfsO/JpG+r7fRrqm12kzFHyUHqHCVpMMbI=",
        "owner": "numtide",
        "repo": "flake-utils",
        "rev": "11707dc2f618dd54ca8739b309ec4fc024de578b",
        "type": "github"
      },
      "original": {
        "owner": "numtide",
        "repo": "flake-utils",
        "type": "github"
      }
    },
    "flake-utils_2": {
      "inputs": {
        "systems": "systems_2"
      },
      "locked": {
        "lastModified": 1731533236,
        "narHash": "sha256-l0KFg5HjrsfsO/JpG+r7fRrqm12kzFHyUHqHCVpMMbI=",
        "owner": "numtide",
        "repo": "flake-utils",
        "rev": "11707dc2f618dd54ca8739b309ec4fc024de578b",
        "type": "github"
      },
      "original": {
        "owner": "numtide",
        "repo": "flake-utils",
        "type": "github"
      }
    },
    "git-hooks": {
      "inputs": {
        "flake-compat": "flake-compat",
        "nixpkgs": [
          "workspace",
          "nixpkgs"
        ]
      },
      "locked": {
        "lastModified": 1784288435,
        "narHash": "sha256-ReRHaLgr/uVqdD8afFSn+myXIfpHeOhP0yYe0TJqAA8=",
        "owner": "cachix",
        "repo": "git-hooks.nix",
        "rev": "43b3c1ab9d40fb1dbb008f451988a91e375825e9",
        "type": "github"
      },
      "original": {
        "owner": "cachix",
        "repo": "git-hooks.nix",
        "type": "github"
      }
    },
    "home-manager": {
      "inputs": {
        "nixpkgs": [
          "nixpkgs"
        ]
      },
      "locked": {
        "lastModified": 1787146702,
        "narHash": "sha256-YbRcLdU/yK4gWsQg7V8WTKZHfXL33g8+wSFUX3wyevs=",
        "owner": "nix-community",
        "repo": "home-manager",
        "rev": "173b7e8d40fdc8c296a9c99854314f17a3a1704c",
        "type": "github"
      },
      "original": {
        "owner": "nix-community",
        "ref": "release-26.05",
        "repo": "home-manager",
        "type": "github"
      }
    },
    "nix-config": {
      "inputs": {
        "disko": "disko_2",
        "nix-packages": [
          "nix-packages"
        ],
        "nix-wallpaper": "nix-wallpaper",
        "nixos-hardware": "nixos-hardware",
        "nixpkgs-unstable": "nixpkgs-unstable",
        "nushell-plugin-tramp": "nushell-plugin-tramp",
        "tangled-spindle-nix-engine": "tangled-spindle-nix-engine",
        "workspace": [
          "workspace"
        ],
        "zen-browser": "zen-browser"
      },
      "locked": {
        "path": "./platform/nix/config",
        "type": "path"
      },
      "original": {
        "path": "./platform/nix/config",
        "type": "path"
      },
      "parent": []
    },
    "nix-darwin": {
      "inputs": {
        "nixpkgs": [
          "nixpkgs"
        ]
      },
      "locked": {
        "lastModified": 1783744694,
        "narHash": "sha256-2cp6N3rrwnGYLTx9l6N+NI+kwrCWxvJUbj5WJhvB29A=",
        "owner": "nix-darwin",
        "repo": "nix-darwin",
        "rev": "c3e90c89649b07d1a96e4b9dd6cd0d6e44b91a74",
        "type": "github"
      },
      "original": {
        "owner": "nix-darwin",
        "ref": "nix-darwin-26.05",
        "repo": "nix-darwin",
        "type": "github"
      }
    },
    "nix-lib": {
      "inputs": {
        "oxidized-ninja": "oxidized-ninja",
        "oxidized-xz": "oxidized-xz",
        "wclip": "wclip",
        "workspace": [
          "workspace"
        ]
      },
      "locked": {
        "path": "./platform/nix/lib",
        "type": "path"
      },
      "original": {
        "path": "./platform/nix/lib",
        "type": "path"
      },
      "parent": []
    },
    "nix-lib_2": {
      "inputs": {
        "oxidized-ninja": "oxidized-ninja_2",
        "oxidized-xz": "oxidized-xz_2",
        "wclip": "wclip_2",
        "workspace": [
          "nix-lib",
          "wclip",
          "workspace"
        ]
      },
      "locked": {
        "lastModified": 1787232042,
        "narHash": "sha256-0mdVsfMjvxXKLPdstGnVb0G/7/+g7jf3FSiPdfsDgEs=",
        "ref": "refs/heads/main",
        "rev": "60a22e302531db04305110d04dfb4312946ec4df",
        "revCount": 115,
        "type": "git",
        "url": "https://tangled.org/overby.me/nix-lib"
      },
      "original": {
        "type": "git",
        "url": "https://tangled.org/overby.me/nix-lib"
      }
    },
    "nix-packages": {
      "inputs": {
        "workspace": [
          "workspace"
        ]
      },
      "locked": {
        "path": "./platform/nix/packages",
        "type": "path"
      },
      "original": {
        "path": "./platform/nix/packages",
        "type": "path"
      },
      "parent": []
    },
    "nix-wallpaper": {
      "inputs": {
        "flake-utils": "flake-utils",
        "nixpkgs": [
          "nix-config",
          "workspace",
          "nixpkgs"
        ],
        "pre-commit-hooks": [
          "nix-config",
          "workspace",
          "git-hooks"
        ]
      },
      "locked": {
        "lastModified": 1769821964,
        "narHash": "sha256-WcfoLCZbo32Psw2mP9bF8uHCF50SMAhQFkWq+/+Z9B0=",
        "owner": "lunik1",
        "repo": "nix-wallpaper",
        "rev": "f658947fdc9ab85be9003deb26632a464bd41e5d",
        "type": "github"
      },
      "original": {
        "owner": "lunik1",
        "repo": "nix-wallpaper",
        "type": "github"
      }
    },
    "nix-wallpaper_2": {
      "inputs": {
        "flake-utils": "flake-utils_2",
        "nixpkgs": [
          "nixpkgs"
        ],
        "pre-commit-hooks": [
          "workspace",
          "git-hooks"
        ]
      },
      "locked": {
        "lastModified": 1769821964,
        "narHash": "sha256-WcfoLCZbo32Psw2mP9bF8uHCF50SMAhQFkWq+/+Z9B0=",
        "owner": "lunik1",
        "repo": "nix-wallpaper",
        "rev": "f658947fdc9ab85be9003deb26632a464bd41e5d",
        "type": "github"
      },
      "original": {
        "owner": "lunik1",
        "repo": "nix-wallpaper",
        "type": "github"
      }
    },
    "nixos-hardware": {
      "inputs": {
        "nixpkgs": "nixpkgs"
      },
      "locked": {
        "lastModified": 1787144466,
        "narHash": "sha256-HHfv2/HkNSKbbSyU9iD/g8lbP6r4tl33sSw1W4rXCk0=",
        "owner": "NixOS",
        "repo": "nixos-hardware",
        "rev": "0471accf8d0a8210b31d947497d179ecc99e0021",
        "type": "github"
      },
      "original": {
        "owner": "NixOS",
        "ref": "master",
        "repo": "nixos-hardware",
        "type": "github"
      }
    },
    "nixos-hardware_2": {
      "inputs": {
        "nixpkgs": [
          "nixpkgs"
        ]
      },
      "locked": {
        "lastModified": 1787144466,
        "narHash": "sha256-HHfv2/HkNSKbbSyU9iD/g8lbP6r4tl33sSw1W4rXCk0=",
        "owner": "NixOS",
        "repo": "nixos-hardware",
        "rev": "0471accf8d0a8210b31d947497d179ecc99e0021",
        "type": "github"
      },
      "original": {
        "owner": "NixOS",
        "ref": "master",
        "repo": "nixos-hardware",
        "type": "github"
      }
    },
    "nixpkgs": {
      "locked": {
        "lastModified": 1767892417,
        "narHash": "sha256-8bW3q88CEg2u4hSP66Vf4lpbLonHz7hqDNBMcCY7E9U=",
        "rev": "3497aa5c9457a9d88d71fa93a4a8368816fbeeba",
        "type": "tarball",
        "url": "https://releases.nixos.org/nixos/unstable/nixos-26.05pre924538.3497aa5c9457/nixexprs.tar.xz"
      },
      "original": {
        "type": "tarball",
        "url": "https://channels.nixos.org/nixos-unstable/nixexprs.tar.xz"
      }
    },
    "nixpkgs-unstable": {
      "locked": {
        "lastModified": 1786862985,
        "narHash": "sha256-FBJRXmbGXiSUDvYEbfLYRkckayyZ6SK1UEqhCrIZ2Cs=",
        "owner": "NixOS",
        "repo": "nixpkgs",
        "rev": "e5bdc4a41d4c072fe1e3787eaa0320a384741d44",
        "type": "github"
      },
      "original": {
        "owner": "NixOS",
        "ref": "nixos-unstable",
        "repo": "nixpkgs",
        "type": "github"
      }
    },
    "nixpkgs_2": {
      "locked": {
        "lastModified": 1786313170,
        "narHash": "sha256-9BG7OgUWdu0ONDO5X2q6+K4bsuBITkX/3W4nNJu1Ito=",
        "owner": "NixOS",
        "repo": "nixpkgs",
        "rev": "fcb8fcd6bf2d0adecae5bd491afaaaf8311b758d",
        "type": "github"
      },
      "original": {
        "owner": "NixOS",
        "ref": "nixos-26.05",
        "repo": "nixpkgs",
        "type": "github"
      }
    },
    "nixpkgs_3": {
      "locked": {
        "lastModified": 1786514691,
        "narHash": "sha256-9dkt1i5JNbEfPb+EjLcSDNs8zqEHQ/1JlSaKgj0SBAg=",
        "owner": "NixOS",
        "repo": "nixpkgs",
        "rev": "867dcbc30bafe3c862ef88620f2e7a109d7d3be5",
        "type": "github"
      },
      "original": {
        "owner": "NixOS",
        "ref": "nixos-unstable",
        "repo": "nixpkgs",
        "type": "github"
      }
    },
    "nushell-plugin-tramp": {
      "inputs": {
        "workspace": [
          "nix-config",
          "workspace"
        ]
      },
      "locked": {
        "path": "./dev/nushell/plugin-tramp",
        "type": "path"
      },
      "original": {
        "path": "./dev/nushell/plugin-tramp",
        "type": "path"
      },
      "parent": []
    },
    "oxidized-awk": {
      "inputs": {
        "workspace": [
          "publish-checks",
          "workspace"
        ]
      },
      "locked": {
        "path": "../../../../safety/oxidized/awk",
        "type": "path"
      },
      "original": {
        "path": "../../../../safety/oxidized/awk",
        "type": "path"
      },
      "parent": [
        "publish-checks"
      ]
    },
    "oxidized-bash": {
      "inputs": {
        "workspace": [
          "publish-checks",
          "workspace"
        ]
      },
      "locked": {
        "path": "../../../../safety/oxidized/bash",
        "type": "path"
      },
      "original": {
        "path": "../../../../safety/oxidized/bash",
        "type": "path"
      },
      "parent": [
        "publish-checks"
      ]
    },
    "oxidized-binutils": {
      "inputs": {
        "workspace": [
          "publish-checks",
          "workspace"
        ]
      },
      "locked": {
        "path": "../../../../safety/oxidized/binutils",
        "type": "path"
      },
      "original": {
        "path": "../../../../safety/oxidized/binutils",
        "type": "path"
      },
      "parent": [
        "publish-checks"
      ]
    },
    "oxidized-bison": {
      "inputs": {
        "workspace": [
          "publish-checks",
          "workspace"
        ]
      },
      "locked": {
        "path": "../../../../safety/oxidized/bison",
        "type": "path"
      },
      "original": {
        "path": "../../../../safety/oxidized/bison",
        "type": "path"
      },
      "parent": [
        "publish-checks"
      ]
    },
    "oxidized-bubblewrap": {
      "inputs": {
        "workspace": [
          "publish-checks",
          "workspace"
        ]
      },
      "locked": {
        "path": "../../../../safety/oxidized/bubblewrap",
        "type": "path"
      },
      "original": {
        "path": "../../../../safety/oxidized/bubblewrap",
        "type": "path"
      },
      "parent": [
        "publish-checks"
      ]
    },
    "oxidized-bzip2": {
      "inputs": {
        "workspace": [
          "publish-checks",
          "workspace"
        ]
      },
      "locked": {
        "path": "../../../../safety/oxidized/bzip2",
        "type": "path"
      },
      "original": {
        "path": "../../../../safety/oxidized/bzip2",
        "type": "path"
      },
      "parent": [
        "publish-checks"
      ]
    },
    "oxidized-diffutils": {
      "inputs": {
        "workspace": [
          "publish-checks",
          "workspace"
        ]
      },
      "locked": {
        "path": "../../../../safety/oxidized/diffutils",
        "type": "path"
      },
      "original": {
        "path": "../../../../safety/oxidized/diffutils",
        "type": "path"
      },
      "parent": [
        "publish-checks"
      ]
    },
    "oxidized-file": {
      "inputs": {
        "workspace": [
          "publish-checks",
          "workspace"
        ]
      },
      "locked": {
        "path": "../../../../safety/oxidized/file",
        "type": "path"
      },
      "original": {
        "path": "../../../../safety/oxidized/file",
        "type": "path"
      },
      "parent": [
        "publish-checks"
      ]
    },
    "oxidized-gcc": {
      "inputs": {
        "workspace": [
          "publish-checks",
          "workspace"
        ]
      },
      "locked": {
        "path": "../../../../safety/oxidized/gcc",
        "type": "path"
      },
      "original": {
        "path": "../../../../safety/oxidized/gcc",
        "type": "path"
      },
      "parent": [
        "publish-checks"
      ]
    },
    "oxidized-gzip": {
      "inputs": {
        "workspace": [
          "publish-checks",
          "workspace"
        ]
      },
      "locked": {
        "path": "../../../../safety/oxidized/gzip",
        "type": "path"
      },
      "original": {
        "path": "../../../../safety/oxidized/gzip",
        "type": "path"
      },
      "parent": [
        "publish-checks"
      ]
    },
    "oxidized-help2man": {
      "inputs": {
        "workspace": [
          "publish-checks",
          "workspace"
        ]
      },
      "locked": {
        "path": "../../../../safety/oxidized/help2man",
        "type": "path"
      },
      "original": {
        "path": "../../../../safety/oxidized/help2man",
        "type": "path"
      },
      "parent": [
        "publish-checks"
      ]
    },
    "oxidized-llvm": {
      "inputs": {
        "workspace": [
          "publish-checks",
          "workspace"
        ]
      },
      "locked": {
        "path": "../../../../safety/oxidized/llvm",
        "type": "path"
      },
      "original": {
        "path": "../../../../safety/oxidized/llvm",
        "type": "path"
      },
      "parent": [
        "publish-checks"
      ]
    },
    "oxidized-make": {
      "inputs": {
        "workspace": [
          "publish-checks",
          "workspace"
        ]
      },
      "locked": {
        "path": "../../../../safety/oxidized/make",
        "type": "path"
      },
      "original": {
        "path": "../../../../safety/oxidized/make",
        "type": "path"
      },
      "parent": [
        "publish-checks"
      ]
    },
    "oxidized-ninja": {
      "inputs": {
        "workspace": [
          "nix-lib",
          "workspace"
        ]
      },
      "locked": {
        "path": "./safety/oxidized/ninja",
        "type": "path"
      },
      "original": {
        "path": "./safety/oxidized/ninja",
        "type": "path"
      },
      "parent": []
    },
    "oxidized-ninja_2": {
      "inputs": {
        "workspace": [
          "nix-lib",
          "wclip",
          "nix-lib",
          "workspace"
        ]
      },
      "locked": {
        "lastModified": 1787161150,
        "narHash": "sha256-Xh19iZYgNP6I2sjvuB/3tpUs6XEL/ki57nXL99z+GKk=",
        "ref": "refs/heads/main",
        "rev": "901887e1edd7116b4653eccbcc37aa4f017fcb12",
        "revCount": 43,
        "type": "git",
        "url": "https://tangled.org/overby.me/oxidized-ninja"
      },
      "original": {
        "type": "git",
        "url": "https://tangled.org/overby.me/oxidized-ninja"
      }
    },
    "oxidized-ninja_3": {
      "inputs": {
        "workspace": [
          "publish-checks",
          "workspace"
        ]
      },
      "locked": {
        "path": "../../../../safety/oxidized/ninja",
        "type": "path"
      },
      "original": {
        "path": "../../../../safety/oxidized/ninja",
        "type": "path"
      },
      "parent": [
        "publish-checks"
      ]
    },
    "oxidized-patch": {
      "inputs": {
        "workspace": [
          "publish-checks",
          "workspace"
        ]
      },
      "locked": {
        "path": "../../../../safety/oxidized/patch",
        "type": "path"
      },
      "original": {
        "path": "../../../../safety/oxidized/patch",
        "type": "path"
      },
      "parent": [
        "publish-checks"
      ]
    },
    "oxidized-patchelf": {
      "inputs": {
        "workspace": [
          "publish-checks",
          "workspace"
        ]
      },
      "locked": {
        "path": "../../../../safety/oxidized/patchelf",
        "type": "path"
      },
      "original": {
        "path": "../../../../safety/oxidized/patchelf",
        "type": "path"
      },
      "parent": [
        "publish-checks"
      ]
    },
    "oxidized-pcre2": {
      "inputs": {
        "workspace": [
          "publish-checks",
          "workspace"
        ]
      },
      "locked": {
        "path": "../../../../safety/oxidized/pcre2",
        "type": "path"
      },
      "original": {
        "path": "../../../../safety/oxidized/pcre2",
        "type": "path"
      },
      "parent": [
        "publish-checks"
      ]
    },
    "oxidized-perl": {
      "inputs": {
        "workspace": [
          "publish-checks",
          "workspace"
        ]
      },
      "locked": {
        "path": "../../../../safety/oxidized/perl",
        "type": "path"
      },
      "original": {
        "path": "../../../../safety/oxidized/perl",
        "type": "path"
      },
      "parent": [
        "publish-checks"
      ]
    },
    "oxidized-pipewire": {
      "inputs": {
        "workspace": [
          "publish-checks",
          "workspace"
        ]
      },
      "locked": {
        "path": "../../../../safety/oxidized/pipewire",
        "type": "path"
      },
      "original": {
        "path": "../../../../safety/oxidized/pipewire",
        "type": "path"
      },
      "parent": [
        "publish-checks"
      ]
    },
    "oxidized-sed": {
      "inputs": {
        "workspace": [
          "publish-checks",
          "workspace"
        ]
      },
      "locked": {
        "path": "../../../../safety/oxidized/sed",
        "type": "path"
      },
      "original": {
        "path": "../../../../safety/oxidized/sed",
        "type": "path"
      },
      "parent": [
        "publish-checks"
      ]
    },
    "oxidized-texinfo": {
      "inputs": {
        "workspace": [
          "publish-checks",
          "workspace"
        ]
      },
      "locked": {
        "path": "../../../../safety/oxidized/texinfo",
        "type": "path"
      },
      "original": {
        "path": "../../../../safety/oxidized/texinfo",
        "type": "path"
      },
      "parent": [
        "publish-checks"
      ]
    },
    "oxidized-xz": {
      "inputs": {
        "workspace": [
          "nix-lib",
          "workspace"
        ]
      },
      "locked": {
        "path": "./safety/oxidized/xz",
        "type": "path"
      },
      "original": {
        "path": "./safety/oxidized/xz",
        "type": "path"
      },
      "parent": []
    },
    "oxidized-xz_2": {
      "inputs": {
        "workspace": [
          "nix-lib",
          "wclip",
          "nix-lib",
          "workspace"
        ]
      },
      "locked": {
        "lastModified": 1787161150,
        "narHash": "sha256-RCxptPsfToJUK6+6/4COQ97nBTEZu/INGjW6eZRc/Mw=",
        "ref": "refs/heads/main",
        "rev": "c8db0a6709cdd0572f50d3e666d4a5b71d7b4531",
        "revCount": 48,
        "type": "git",
        "url": "https://tangled.org/overby.me/oxidized-xz"
      },
      "original": {
        "type": "git",
        "url": "https://tangled.org/overby.me/oxidized-xz"
      }
    },
    "publish-checks": {
      "inputs": {
        "oxidized-awk": "oxidized-awk",
        "oxidized-bash": "oxidized-bash",
        "oxidized-binutils": "oxidized-binutils",
        "oxidized-bison": "oxidized-bison",
        "oxidized-bubblewrap": "oxidized-bubblewrap",
        "oxidized-bzip2": "oxidized-bzip2",
        "oxidized-diffutils": "oxidized-diffutils",
        "oxidized-file": "oxidized-file",
        "oxidized-gcc": "oxidized-gcc",
        "oxidized-gzip": "oxidized-gzip",
        "oxidized-help2man": "oxidized-help2man",
        "oxidized-llvm": "oxidized-llvm",
        "oxidized-make": "oxidized-make",
        "oxidized-ninja": "oxidized-ninja_3",
        "oxidized-patch": "oxidized-patch",
        "oxidized-patchelf": "oxidized-patchelf",
        "oxidized-pcre2": "oxidized-pcre2",
        "oxidized-perl": "oxidized-perl",
        "oxidized-pipewire": "oxidized-pipewire",
        "oxidized-sed": "oxidized-sed",
        "oxidized-texinfo": "oxidized-texinfo",
        "wclip": "wclip_3",
        "workspace": [
          "workspace"
        ]
      },
      "locked": {
        "path": "./platform/tangled/publish/checks",
        "type": "path"
      },
      "original": {
        "path": "./platform/tangled/publish/checks",
        "type": "path"
      },
      "parent": []
    },
    "root": {
      "inputs": {
        "disko": "disko",
        "nix-config": "nix-config",
        "nix-lib": "nix-lib",
        "nix-packages": "nix-packages",
        "nix-wallpaper": "nix-wallpaper_2",
        "nixos-hardware": "nixos-hardware_2",
        "nixpkgs": "nixpkgs_2",
        "publish-checks": "publish-checks",
        "rust-overlay": "rust-overlay",
        "workspace": "workspace",
        "zen-browser": "zen-browser_2"
      }
    },
    "rust-overlay": {
      "inputs": {
        "nixpkgs": [
          "nixpkgs"
        ]
      },
      "locked": {
        "lastModified": 1787194935,
        "narHash": "sha256-Gt6JpppReMxPGkbPcQhz+1qp+NUUf4oIwzRy+ptJgTk=",
        "owner": "oxalica",
        "repo": "rust-overlay",
        "rev": "cb98e96d632d0010a7e56c098c51729cb179cc75",
        "type": "github"
      },
      "original": {
        "owner": "oxalica",
        "repo": "rust-overlay",
        "type": "github"
      }
    },
    "system-manager": {
      "inputs": {
        "flake-compat": "flake-compat_2",
        "nixpkgs": "nixpkgs_3",
        "userborn": "userborn"
      },
      "locked": {
        "lastModified": 1786747314,
        "narHash": "sha256-L8GneKBeYOStPrLUAypI8bDGNjntcH2AngxSig/ul8c=",
        "owner": "numtide",
        "repo": "system-manager",
        "rev": "64748b62d6ae74c069234103ce368626bcad8c70",
        "type": "github"
      },
      "original": {
        "owner": "numtide",
        "repo": "system-manager",
        "type": "github"
      }
    },
    "systems": {
      "locked": {
        "lastModified": 1681028828,
        "narHash": "sha256-Vy1rq5AaRuLzOxct8nz4T6wlgyUR7zLU309k9mBC768=",
        "owner": "nix-systems",
        "repo": "default",
        "rev": "da67096a3b9bf56a91d16901293e51ba5b49a27e",
        "type": "github"
      },
      "original": {
        "owner": "nix-systems",
        "repo": "default",
        "type": "github"
      }
    },
    "systems_2": {
      "locked": {
        "lastModified": 1681028828,
        "narHash": "sha256-Vy1rq5AaRuLzOxct8nz4T6wlgyUR7zLU309k9mBC768=",
        "owner": "nix-systems",
        "repo": "default",
        "rev": "da67096a3b9bf56a91d16901293e51ba5b49a27e",
        "type": "github"
      },
      "original": {
        "owner": "nix-systems",
        "repo": "default",
        "type": "github"
      }
    },
    "systems_3": {
      "locked": {
        "lastModified": 1681028828,
        "narHash": "sha256-Vy1rq5AaRuLzOxct8nz4T6wlgyUR7zLU309k9mBC768=",
        "owner": "nix-systems",
        "repo": "default",
        "rev": "da67096a3b9bf56a91d16901293e51ba5b49a27e",
        "type": "github"
      },
      "original": {
        "owner": "nix-systems",
        "repo": "default",
        "type": "github"
      }
    },
    "tangled-spindle-nix-engine": {
      "inputs": {
        "workspace": [
          "nix-config",
          "workspace"
        ]
      },
      "locked": {
        "path": "./platform/tangled/spindle-nix-engine",
        "type": "path"
      },
      "original": {
        "path": "./platform/tangled/spindle-nix-engine",
        "type": "path"
      },
      "parent": []
    },
    "userborn": {
      "inputs": {
        "flake-compat": [
          "workspace",
          "system-manager",
          "flake-compat"
        ],
        "flake-parts": "flake-parts",
        "nixpkgs": [
          "workspace",
          "system-manager",
          "nixpkgs"
        ],
        "pre-commit-hooks-nix": [
          "workspace",
          "git-hooks"
        ],
        "systems": "systems_3"
      },
      "locked": {
        "lastModified": 1770377964,
        "narHash": "sha256-q2pnlX2IW0kg80GLFnwWd/GigIpkuZnyKPLhrgJql3E=",
        "owner": "jfroche",
        "repo": "userborn",
        "rev": "55c2cd7952c207a62736a5bbd9499ea73da18d24",
        "type": "github"
      },
      "original": {
        "owner": "jfroche",
        "ref": "system-manager",
        "repo": "userborn",
        "type": "github"
      }
    },
    "wclip": {
      "inputs": {
        "nix-lib": "nix-lib_2",
        "workspace": [
          "nix-lib",
          "workspace"
        ]
      },
      "locked": {
        "path": "./dev/wclip",
        "type": "path"
      },
      "original": {
        "path": "./dev/wclip",
        "type": "path"
      },
      "parent": []
    },
    "wclip_2": {
      "inputs": {
        "workspace": [
          "nix-lib",
          "wclip",
          "nix-lib",
          "workspace"
        ]
      },
      "locked": {
        "lastModified": 1787161150,
        "narHash": "sha256-3yq0hn3zE0C2RCz03J2z2nnRTL1KTKwP+5cyPLaYgZw=",
        "ref": "refs/heads/main",
        "rev": "348440591f4856797af4fdfb09e85a29daf9a382",
        "revCount": 22,
        "type": "git",
        "url": "https://tangled.org/overby.me/wclip"
      },
      "original": {
        "type": "git",
        "url": "https://tangled.org/overby.me/wclip"
      }
    },
    "wclip_3": {
      "inputs": {
        "workspace": [
          "publish-checks",
          "workspace"
        ]
      },
      "locked": {
        "path": "../../../../dev/wclip",
        "type": "path"
      },
      "original": {
        "path": "../../../../dev/wclip",
        "type": "path"
      },
      "parent": [
        "publish-checks"
      ]
    },
    "workspace": {
      "inputs": {
        "git-hooks": "git-hooks",
        "home-manager": "home-manager",
        "nix-darwin": "nix-darwin",
        "nixpkgs": [
          "nixpkgs"
        ],
        "system-manager": "system-manager"
      },
      "locked": {
        "lastModified": 1787346798,
        "narHash": "sha256-cx6F8sNXg94t5IwinjE6QYAU2xt+CHYKwq0f9rXTeOY=",
        "ref": "refs/heads/main",
        "rev": "dfcbd87e5e0cbfc7a66ea854a72677d0a42a1a79",
        "revCount": 73,
        "type": "git",
        "url": "https://tangled.org/overby.me/nix-workspace"
      },
      "original": {
        "type": "git",
        "url": "https://tangled.org/overby.me/nix-workspace"
      }
    },
    "zen-browser": {
      "inputs": {
        "home-manager": [
          "nix-config",
          "workspace",
          "home-manager"
        ],
        "nixpkgs": [
          "nix-config",
          "workspace",
          "nixpkgs"
        ]
      },
      "locked": {
        "lastModified": 1786347712,
        "narHash": "sha256-yH+jWXH2TVd5h3J5KoZiE8/4O4HqoggfB0zl9uVj39w=",
        "owner": "0xc000022070",
        "repo": "zen-browser-flake",
        "rev": "945efbc704b7f8c1731a922aabbc5d95edc9eb74",
        "type": "github"
      },
      "original": {
        "owner": "0xc000022070",
        "repo": "zen-browser-flake",
        "rev": "945efbc704b7f8c1731a922aabbc5d95edc9eb74",
        "type": "github"
      }
    },
    "zen-browser_2": {
      "inputs": {
        "home-manager": [
          "workspace",
          "home-manager"
        ],
        "nixpkgs": [
          "nixpkgs"
        ]
      },
      "locked": {
        "lastModified": 1786347712,
        "narHash": "sha256-yH+jWXH2TVd5h3J5KoZiE8/4O4HqoggfB0zl9uVj39w=",
        "owner": "0xc000022070",
        "repo": "zen-browser-flake",
        "rev": "945efbc704b7f8c1731a922aabbc5d95edc9eb74",
        "type": "github"
      },
      "original": {
        "owner": "0xc000022070",
        "repo": "zen-browser-flake",
        "rev": "945efbc704b7f8c1731a922aabbc5d95edc9eb74",
        "type": "github"
      }
    }
  },
  "root": "root",
  "version": 7
}
