# This file is automatically @generated by Cargo.
# It is not intended for manual editing.
version = 4

[[package]]
name = "cementite"
version = "0.1.0"

[[package]]
name = "toodee"
version = "0.2.0"
source = "registry+https://github.com/rust-lang/crates.io-index"
checksum = "77186ae61fd690e6d3a91ac550ce1b08421a3b9f83c2d5c23c9d1520894ba55f"

[[package]]
name = "toodee-0028"
version = "0.0.0"
dependencies = [
 "cementite",
 "toodee",
]
