# This file is automatically @generated by Cargo.
# It is not intended for manual editing.
version = 4

[[package]]
name = "cementite"
version = "0.1.0"

[[package]]
name = "partial-sort-0016"
version = "0.0.0"
dependencies = [
 "cementite",
 "partial_sort",
]

[[package]]
name = "partial_sort"
version = "0.1.1"
source = "registry+https://github.com/rust-lang/crates.io-index"
checksum = "95a11dd442bfedffec03d1d271d9af393d05f881025a3e5f791bd07e5881daac"
