# This file is automatically @generated by Cargo.
# It is not intended for manual editing.
version = 4

[[package]]
name = "cementite"
version = "0.1.0"

[[package]]
name = "libc"
version = "0.2.189"
source = "registry+https://github.com/rust-lang/crates.io-index"
checksum = "3eaf3ede3fee6db1a4c2ee091bf8a8b4dccdc6d17f656fb07896ee72867612f2"

[[package]]
name = "simple-slab"
version = "0.3.2"
source = "registry+https://github.com/rust-lang/crates.io-index"
checksum = "25a0f01b0c278c72b907e325da64d8af11b4b5e16bb0d8eeb9a9dc4953aa1024"
dependencies = [
 "libc",
]

[[package]]
name = "simple-slab-0039"
version = "0.0.0"
dependencies = [
 "cementite",
 "simple-slab",
]
