{
  "nodes": {
    "disko": {
      "inputs": {
        "nixpkgs": [
          "workspace",
          "nixpkgs"
        ]
      },
      "locked": {
        "lastModified": 1781152676,
        "narHash": "sha256-RxWs5ND31KzTG7wvMM+PMfUjyNpmIEr999lqNARaM5o=",
        "owner": "nix-community",
        "repo": "disko",
        "rev": "ff8702b4de27f72b4c78573dfb89ec74e36abdf1",
        "type": "github"
      },
      "original": {
        "owner": "nix-community",
        "repo": "disko",
        "type": "github"
      }
    },
    "flake-compat": {
      "flake": false,
      "locked": {
        "lastModified": 1767039857,
        "narHash": "sha256-vNpUSpF5Nuw8xvDLj2KCwwksIbjua2LZCqhV1LNRDns=",
        "owner": "NixOS",
        "repo": "flake-compat",
        "rev": "5edf11c44bc78a0d334f6334cdaf7d60d732daab",
        "type": "github"
      },
      "original": {
        "owner": "NixOS",
        "repo": "flake-compat",
        "type": "github"
      }
    },
    "flake-compat_2": {
      "flake": false,
      "locked": {
        "lastModified": 1767039857,
        "narHash": "sha256-vNpUSpF5Nuw8xvDLj2KCwwksIbjua2LZCqhV1LNRDns=",
        "owner": "edolstra",
        "repo": "flake-compat",
        "rev": "5edf11c44bc78a0d334f6334cdaf7d60d732daab",
        "type": "github"
      },
      "original": {
        "owner": "edolstra",
        "repo": "flake-compat",
        "type": "github"
      }
    },
    "flake-parts": {
      "inputs": {
        "nixpkgs-lib": [
          "workspace",
          "system-manager",
          "userborn",
          "nixpkgs"
        ]
      },
      "locked": {
        "lastModified": 1768135262,
        "narHash": "sha256-PVvu7OqHBGWN16zSi6tEmPwwHQ4rLPU9Plvs8/1TUBY=",
        "owner": "hercules-ci",
        "repo": "flake-parts",
        "rev": "80daad04eddbbf5a4d883996a73f3f542fa437ac",
        "type": "github"
      },
      "original": {
        "owner": "hercules-ci",
        "repo": "flake-parts",
        "type": "github"
      }
    },
    "flake-utils": {
      "inputs": {
        "systems": "systems"
      },
      "locked": {
        "lastModified": 1731533236,
        "narHash": "sha256-l0KFg5HjrsfsO/JpG+r7fRrqm12kzFHyUHqHCVpMMbI=",
        "owner": "numtide",
        "repo": "flake-utils",
        "rev": "11707dc2f618dd54ca8739b309ec4fc024de578b",
        "type": "github"
      },
      "original": {
        "owner": "numtide",
        "repo": "flake-utils",
        "type": "github"
      }
    },
    "git-hooks": {
      "inputs": {
        "flake-compat": "flake-compat",
        "nixpkgs": [
          "workspace",
          "nixpkgs"
        ]
      },
      "locked": {
        "lastModified": 1784288435,
        "narHash": "sha256-ReRHaLgr/uVqdD8afFSn+myXIfpHeOhP0yYe0TJqAA8=",
        "owner": "cachix",
        "repo": "git-hooks.nix",
        "rev": "43b3c1ab9d40fb1dbb008f451988a91e375825e9",
        "type": "github"
      },
      "original": {
        "owner": "cachix",
        "repo": "git-hooks.nix",
        "type": "github"
      }
    },
    "gitignore": {
      "inputs": {
        "nixpkgs": [
          "workspace",
          "system-manager",
          "userborn",
          "pre-commit-hooks-nix",
          "nixpkgs"
        ]
      },
      "locked": {
        "lastModified": 1709087332,
        "narHash": "sha256-HG2cCnktfHsKV0s4XW83gU3F57gaTljL9KNSuG6bnQs=",
        "owner": "hercules-ci",
        "repo": "gitignore.nix",
        "rev": "637db329424fd7e46cf4185293b9cc8c88c95394",
        "type": "github"
      },
      "original": {
        "owner": "hercules-ci",
        "repo": "gitignore.nix",
        "type": "github"
      }
    },
    "home-manager": {
      "inputs": {
        "nixpkgs": "nixpkgs_2"
      },
      "locked": {
        "lastModified": 1787146702,
        "narHash": "sha256-YbRcLdU/yK4gWsQg7V8WTKZHfXL33g8+wSFUX3wyevs=",
        "owner": "nix-community",
        "repo": "home-manager",
        "rev": "173b7e8d40fdc8c296a9c99854314f17a3a1704c",
        "type": "github"
      },
      "original": {
        "owner": "nix-community",
        "ref": "release-26.05",
        "repo": "home-manager",
        "type": "github"
      }
    },
    "nix-darwin": {
      "inputs": {
        "nixpkgs": "nixpkgs_3"
      },
      "locked": {
        "lastModified": 1783744694,
        "narHash": "sha256-2cp6N3rrwnGYLTx9l6N+NI+kwrCWxvJUbj5WJhvB29A=",
        "owner": "nix-darwin",
        "repo": "nix-darwin",
        "rev": "c3e90c89649b07d1a96e4b9dd6cd0d6e44b91a74",
        "type": "github"
      },
      "original": {
        "owner": "nix-darwin",
        "ref": "nix-darwin-26.05",
        "repo": "nix-darwin",
        "type": "github"
      }
    },
    "nix-packages": {
      "inputs": {
        "workspace": [
          "workspace"
        ]
      },
      "locked": {
        "lastModified": 1787253369,
        "narHash": "sha256-eXRbImf7rt6/eONgwasKiUobvpaid7+IIgCjT9x98zs=",
        "ref": "refs/heads/main",
        "rev": "4cb7a1ed706ef5f91b2b73be449608f6ffac62f6",
        "revCount": 149,
        "type": "git",
        "url": "https://tangled.org/overby.me/nix-packages"
      },
      "original": {
        "type": "git",
        "url": "https://tangled.org/overby.me/nix-packages"
      }
    },
    "nix-wallpaper": {
      "inputs": {
        "flake-utils": "flake-utils",
        "nixpkgs": [
          "workspace",
          "nixpkgs"
        ],
        "pre-commit-hooks": [
          "workspace",
          "git-hooks"
        ]
      },
      "locked": {
        "lastModified": 1769821964,
        "narHash": "sha256-WcfoLCZbo32Psw2mP9bF8uHCF50SMAhQFkWq+/+Z9B0=",
        "owner": "lunik1",
        "repo": "nix-wallpaper",
        "rev": "f658947fdc9ab85be9003deb26632a464bd41e5d",
        "type": "github"
      },
      "original": {
        "owner": "lunik1",
        "repo": "nix-wallpaper",
        "type": "github"
      }
    },
    "nixos-hardware": {
      "inputs": {
        "nixpkgs": "nixpkgs"
      },
      "locked": {
        "lastModified": 1787144466,
        "narHash": "sha256-HHfv2/HkNSKbbSyU9iD/g8lbP6r4tl33sSw1W4rXCk0=",
        "owner": "NixOS",
        "repo": "nixos-hardware",
        "rev": "0471accf8d0a8210b31d947497d179ecc99e0021",
        "type": "github"
      },
      "original": {
        "owner": "NixOS",
        "ref": "master",
        "repo": "nixos-hardware",
        "type": "github"
      }
    },
    "nixpkgs": {
      "locked": {
        "lastModified": 1767892417,
        "narHash": "sha256-8bW3q88CEg2u4hSP66Vf4lpbLonHz7hqDNBMcCY7E9U=",
        "rev": "3497aa5c9457a9d88d71fa93a4a8368816fbeeba",
        "type": "tarball",
        "url": "https://releases.nixos.org/nixos/unstable/nixos-26.05pre924538.3497aa5c9457/nixexprs.tar.xz"
      },
      "original": {
        "type": "tarball",
        "url": "https://channels.nixos.org/nixos-unstable/nixexprs.tar.xz"
      }
    },
    "nixpkgs-unstable": {
      "locked": {
        "lastModified": 1787498568,
        "narHash": "sha256-9i/VTdusq/+NM/tz+J1Re+ojkMB8MBf0QshnYfzHz30=",
        "owner": "NixOS",
        "repo": "nixpkgs",
        "rev": "56c02bc00adcf003215cc4bd996d6efaf4cff188",
        "type": "github"
      },
      "original": {
        "owner": "NixOS",
        "ref": "nixos-unstable",
        "repo": "nixpkgs",
        "type": "github"
      }
    },
    "nixpkgs_2": {
      "locked": {
        "lastModified": 1786711500,
        "narHash": "sha256-QvnceIGTBeDvDd9oCn+GvdsnkquliuwbVgpiRH68qaQ=",
        "owner": "NixOS",
        "repo": "nixpkgs",
        "rev": "02e08985a27c65ffd33d434eeb2e660a2e4dc84d",
        "type": "github"
      },
      "original": {
        "owner": "NixOS",
        "ref": "nixos-26.05",
        "repo": "nixpkgs",
        "type": "github"
      }
    },
    "nixpkgs_3": {
      "locked": {
        "lastModified": 1779622335,
        "narHash": "sha256-ViA62qtL5za7V3d5I8OA9q9JcFhsVAiL5jVHwEclWqk=",
        "owner": "NixOS",
        "repo": "nixpkgs",
        "rev": "705e9929918b43bd7b715dc0a878ac870449bb03",
        "type": "github"
      },
      "original": {
        "owner": "NixOS",
        "ref": "nixpkgs-26.05-darwin",
        "repo": "nixpkgs",
        "type": "github"
      }
    },
    "nixpkgs_4": {
      "locked": {
        "lastModified": 1787341545,
        "narHash": "sha256-h6XO1gvoBIIqGlOUS5wF+7TytwWIeCXweN+zD9daw+w=",
        "owner": "NixOS",
        "repo": "nixpkgs",
        "rev": "829a97a6a8db3f9c3db9319ca66f2a0ee19651b8",
        "type": "github"
      },
      "original": {
        "owner": "NixOS",
        "repo": "nixpkgs",
        "type": "github"
      }
    },
    "nixpkgs_5": {
      "locked": {
        "lastModified": 1786514691,
        "narHash": "sha256-9dkt1i5JNbEfPb+EjLcSDNs8zqEHQ/1JlSaKgj0SBAg=",
        "owner": "NixOS",
        "repo": "nixpkgs",
        "rev": "867dcbc30bafe3c862ef88620f2e7a109d7d3be5",
        "type": "github"
      },
      "original": {
        "owner": "NixOS",
        "ref": "nixos-unstable",
        "repo": "nixpkgs",
        "type": "github"
      }
    },
    "nushell-plugin-tramp": {
      "inputs": {
        "rust": "rust",
        "workspace": [
          "workspace"
        ]
      },
      "locked": {
        "lastModified": 1787502054,
        "narHash": "sha256-96U22lHpGhrNiWeyllUwxmBW4uO/B+gmqRzK4cHUZbg=",
        "ref": "refs/heads/main",
        "rev": "4b8a7b4dbeae45f937bd62b462833e34ececc1a1",
        "revCount": 19,
        "type": "git",
        "url": "https://tangled.org/overby.me/nushell-plugin-tramp"
      },
      "original": {
        "type": "git",
        "url": "https://tangled.org/overby.me/nushell-plugin-tramp"
      }
    },
    "pre-commit-hooks-nix": {
      "inputs": {
        "flake-compat": [
          "workspace",
          "system-manager",
          "userborn",
          "flake-compat"
        ],
        "gitignore": "gitignore",
        "nixpkgs": [
          "workspace",
          "system-manager",
          "userborn",
          "nixpkgs"
        ]
      },
      "locked": {
        "lastModified": 1769069492,
        "narHash": "sha256-Efs3VUPelRduf3PpfPP2ovEB4CXT7vHf8W+xc49RL/U=",
        "owner": "cachix",
        "repo": "pre-commit-hooks.nix",
        "rev": "a1ef738813b15cf8ec759bdff5761b027e3e1d23",
        "type": "github"
      },
      "original": {
        "owner": "cachix",
        "repo": "pre-commit-hooks.nix",
        "type": "github"
      }
    },
    "root": {
      "inputs": {
        "disko": "disko",
        "nix-packages": "nix-packages",
        "nix-wallpaper": "nix-wallpaper",
        "nixos-hardware": "nixos-hardware",
        "nixpkgs-unstable": "nixpkgs-unstable",
        "nushell-plugin-tramp": "nushell-plugin-tramp",
        "tangled-spindle-nix-engine": "tangled-spindle-nix-engine",
        "workspace": "workspace",
        "zen-browser": "zen-browser"
      }
    },
    "rust": {
      "inputs": {
        "workspace": [
          "nushell-plugin-tramp",
          "workspace"
        ]
      },
      "locked": {
        "dir": "modules/rust",
        "lastModified": 1787501858,
        "narHash": "sha256-dfXYI2S9HNN0A3T8UhhPQdxlwOJOdd7QYufHhFcoFOU=",
        "ref": "refs/heads/main",
        "rev": "bb39a75bc7c9deec6fb45ed82a8a393d7448d899",
        "revCount": 87,
        "type": "git",
        "url": "https://tangled.org/overby.me/nix-workspace"
      },
      "original": {
        "dir": "modules/rust",
        "type": "git",
        "url": "https://tangled.org/overby.me/nix-workspace"
      }
    },
    "rust_2": {
      "inputs": {
        "workspace": [
          "tangled-spindle-nix-engine",
          "workspace"
        ]
      },
      "locked": {
        "dir": "modules/rust",
        "lastModified": 1787501858,
        "narHash": "sha256-dfXYI2S9HNN0A3T8UhhPQdxlwOJOdd7QYufHhFcoFOU=",
        "ref": "refs/heads/main",
        "rev": "bb39a75bc7c9deec6fb45ed82a8a393d7448d899",
        "revCount": 87,
        "type": "git",
        "url": "https://tangled.org/overby.me/nix-workspace"
      },
      "original": {
        "dir": "modules/rust",
        "type": "git",
        "url": "https://tangled.org/overby.me/nix-workspace"
      }
    },
    "system-manager": {
      "inputs": {
        "flake-compat": "flake-compat_2",
        "nixpkgs": "nixpkgs_5",
        "userborn": "userborn"
      },
      "locked": {
        "lastModified": 1786747314,
        "narHash": "sha256-L8GneKBeYOStPrLUAypI8bDGNjntcH2AngxSig/ul8c=",
        "owner": "numtide",
        "repo": "system-manager",
        "rev": "64748b62d6ae74c069234103ce368626bcad8c70",
        "type": "github"
      },
      "original": {
        "owner": "numtide",
        "repo": "system-manager",
        "type": "github"
      }
    },
    "systems": {
      "locked": {
        "lastModified": 1681028828,
        "narHash": "sha256-Vy1rq5AaRuLzOxct8nz4T6wlgyUR7zLU309k9mBC768=",
        "owner": "nix-systems",
        "repo": "default",
        "rev": "da67096a3b9bf56a91d16901293e51ba5b49a27e",
        "type": "github"
      },
      "original": {
        "owner": "nix-systems",
        "repo": "default",
        "type": "github"
      }
    },
    "systems_2": {
      "locked": {
        "lastModified": 1681028828,
        "narHash": "sha256-Vy1rq5AaRuLzOxct8nz4T6wlgyUR7zLU309k9mBC768=",
        "owner": "nix-systems",
        "repo": "default",
        "rev": "da67096a3b9bf56a91d16901293e51ba5b49a27e",
        "type": "github"
      },
      "original": {
        "owner": "nix-systems",
        "repo": "default",
        "type": "github"
      }
    },
    "tangled-spindle-nix-engine": {
      "inputs": {
        "rust": "rust_2",
        "workspace": [
          "workspace"
        ]
      },
      "locked": {
        "lastModified": 1787502054,
        "narHash": "sha256-qg4sYCyWzwN3lJH1ZVAEszepSRGaES1bGu3sp1AuUkI=",
        "ref": "refs/heads/main",
        "rev": "46a2c950a8b1776fe84302b21927ac3f80077c3d",
        "revCount": 16,
        "type": "git",
        "url": "https://tangled.org/overby.me/tangled-spindle-nix-engine"
      },
      "original": {
        "type": "git",
        "url": "https://tangled.org/overby.me/tangled-spindle-nix-engine"
      }
    },
    "userborn": {
      "inputs": {
        "flake-compat": [
          "workspace",
          "system-manager",
          "flake-compat"
        ],
        "flake-parts": "flake-parts",
        "nixpkgs": [
          "workspace",
          "system-manager",
          "nixpkgs"
        ],
        "pre-commit-hooks-nix": "pre-commit-hooks-nix",
        "systems": "systems_2"
      },
      "locked": {
        "lastModified": 1770377964,
        "narHash": "sha256-q2pnlX2IW0kg80GLFnwWd/GigIpkuZnyKPLhrgJql3E=",
        "owner": "jfroche",
        "repo": "userborn",
        "rev": "55c2cd7952c207a62736a5bbd9499ea73da18d24",
        "type": "github"
      },
      "original": {
        "owner": "jfroche",
        "ref": "system-manager",
        "repo": "userborn",
        "type": "github"
      }
    },
    "workspace": {
      "inputs": {
        "git-hooks": "git-hooks",
        "home-manager": "home-manager",
        "nix-darwin": "nix-darwin",
        "nixpkgs": "nixpkgs_4",
        "system-manager": "system-manager"
      },
      "locked": {
        "lastModified": 1787346798,
        "narHash": "sha256-cx6F8sNXg94t5IwinjE6QYAU2xt+CHYKwq0f9rXTeOY=",
        "ref": "refs/heads/main",
        "rev": "dfcbd87e5e0cbfc7a66ea854a72677d0a42a1a79",
        "revCount": 73,
        "type": "git",
        "url": "https://tangled.org/overby.me/nix-workspace"
      },
      "original": {
        "type": "git",
        "url": "https://tangled.org/overby.me/nix-workspace"
      }
    },
    "zen-browser": {
      "inputs": {
        "home-manager": [
          "workspace",
          "home-manager"
        ],
        "nixpkgs": [
          "workspace",
          "nixpkgs"
        ]
      },
      "locked": {
        "lastModified": 1786347712,
        "narHash": "sha256-yH+jWXH2TVd5h3J5KoZiE8/4O4HqoggfB0zl9uVj39w=",
        "owner": "0xc000022070",
        "repo": "zen-browser-flake",
        "rev": "945efbc704b7f8c1731a922aabbc5d95edc9eb74",
        "type": "github"
      },
      "original": {
        "owner": "0xc000022070",
        "repo": "zen-browser-flake",
        "rev": "945efbc704b7f8c1731a922aabbc5d95edc9eb74",
        "type": "github"
      }
    }
  },
  "root": "root",
  "version": 7
}
