{
  "nodes": {
    "flake-compat": {
      "flake": false,
      "locked": {
        "lastModified": 1767039857,
        "narHash": "sha256-vNpUSpF5Nuw8xvDLj2KCwwksIbjua2LZCqhV1LNRDns=",
        "owner": "NixOS",
        "repo": "flake-compat",
        "rev": "5edf11c44bc78a0d334f6334cdaf7d60d732daab",
        "type": "github"
      },
      "original": {
        "owner": "NixOS",
        "repo": "flake-compat",
        "type": "github"
      }
    },
    "git-hooks": {
      "inputs": {
        "flake-compat": "flake-compat",
        "nixpkgs": [
          "workspace",
          "nixpkgs"
        ]
      },
      "locked": {
        "lastModified": 1784288435,
        "narHash": "sha256-ReRHaLgr/uVqdD8afFSn+myXIfpHeOhP0yYe0TJqAA8=",
        "owner": "cachix",
        "repo": "git-hooks.nix",
        "rev": "43b3c1ab9d40fb1dbb008f451988a91e375825e9",
        "type": "github"
      },
      "original": {
        "owner": "cachix",
        "repo": "git-hooks.nix",
        "type": "github"
      }
    },
    "nixpkgs": {
      "locked": {
        "lastModified": 1786313170,
        "narHash": "sha256-9BG7OgUWdu0ONDO5X2q6+K4bsuBITkX/3W4nNJu1Ito=",
        "owner": "NixOS",
        "repo": "nixpkgs",
        "rev": "fcb8fcd6bf2d0adecae5bd491afaaaf8311b758d",
        "type": "github"
      },
      "original": {
        "owner": "NixOS",
        "repo": "nixpkgs",
        "rev": "fcb8fcd6bf2d0adecae5bd491afaaaf8311b758d",
        "type": "github"
      }
    },
    "oxidized-ninja": {
      "inputs": {
        "rust": "rust",
        "workspace": [
          "workspace"
        ]
      },
      "locked": {
        "lastModified": 1787423498,
        "narHash": "sha256-9XaD9bKLGmAM3jdmbXGGTzzBvX3umwLmzNc8jyCWX6A=",
        "ref": "refs/heads/main",
        "rev": "c2d637ff095a63c20bb84ece26a161d34355f041",
        "revCount": 50,
        "type": "git",
        "url": "https://tangled.org/overby.me/oxidized-ninja"
      },
      "original": {
        "type": "git",
        "url": "https://tangled.org/overby.me/oxidized-ninja"
      }
    },
    "root": {
      "inputs": {
        "oxidized-ninja": "oxidized-ninja",
        "workspace": "workspace"
      }
    },
    "rust": {
      "inputs": {
        "workspace": [
          "oxidized-ninja",
          "workspace"
        ]
      },
      "locked": {
        "dir": "modules/rust",
        "lastModified": 1787506791,
        "narHash": "sha256-bi7DNao4miSVTlMvr9Ig8oNX0O8kdXmFbZYX+VSgNME=",
        "ref": "refs/heads/main",
        "rev": "aa15e2352718409fd4e7f817818d4e6d41934b1a",
        "revCount": 88,
        "type": "git",
        "url": "https://tangled.org/overby.me/nix-workspace"
      },
      "original": {
        "dir": "modules/rust",
        "type": "git",
        "url": "https://tangled.org/overby.me/nix-workspace"
      }
    },
    "workspace": {
      "inputs": {
        "git-hooks": "git-hooks",
        "nixpkgs": "nixpkgs"
      },
      "locked": {
        "lastModified": 1787210584,
        "narHash": "sha256-GZLnhP26vBSe6l/MVYM9Or0aG2rgS2W5ZX+nJ5sWL2Q=",
        "ref": "refs/heads/main",
        "rev": "d9eb9370edb5a0fc9394336ac9c65c55dba6dae5",
        "revCount": 54,
        "type": "git",
        "url": "https://tangled.org/overby.me/nix-workspace"
      },
      "original": {
        "type": "git",
        "url": "https://tangled.org/overby.me/nix-workspace"
      }
    }
  },
  "root": "root",
  "version": 7
}
